
Microsoft Visual Studio Solution File, Format Version 12.00
# Visual Studio Version 17
VisualStudioVersion = 17.6.33829.357
MinimumVisualStudioVersion = 10.0.40219.1
Project("{FAE04EC0-301F-11D3-BF4B-00C04F79EFBC}") = "Trabajo1", "Trabajo1.csproj", "{07EE538B-A52C-48DF-8FAC-1DFC6DF1F6A0}"
EndProject
Global
	GlobalSection(SolutionConfigurationPlatforms) = preSolution
		Debug|Any CPU = Debug|Any CPU
		Release|Any CPU = Release|Any CPU
	EndGlobalSection
	GlobalSection(ProjectConfigurationPlatforms) = postSolution
		{07EE538B-A52C-48DF-8FAC-1DFC6DF1F6A0}.Debug|Any CPU.ActiveCfg = Debug|Any CPU
		{07EE538B-A52C-48DF-8FAC-1DFC6DF1F6A0}.Debug|Any CPU.Build.0 = Debug|Any CPU
		{07EE538B-A52C-48DF-8FAC-1DFC6DF1F6A0}.Release|Any CPU.ActiveCfg = Release|Any CPU
		{07EE538B-A52C-48DF-8FAC-1DFC6DF1F6A0}.Release|Any CPU.Build.0 = Release|Any CPU
	EndGlobalSection
	GlobalSection(SolutionProperties) = preSolution
		HideSolutionNode = FALSE
	EndGlobalSection
	GlobalSection(ExtensibilityGlobals) = postSolution
		SolutionGuid = {CABA4F30-03E8-4BCD-82F5-615BFED6F52C}
	EndGlobalSection
EndGlobal
